{
    "_readme": [
        "This file locks the dependencies of your project to a known state",
        "Read more about it at https://getcomposer.org/doc/01-basic-usage.md#composer-lock-the-lock-file",
        "This file is @generated automatically"
    ],
    "content-hash": "ee111fee75c85a01dd697101be555424",
    "packages": [
        {
            "name": "composer/installers",
            "version": "v1.3.0",
            "source": {
                "type": "git",
                "url": "https://github.com/composer/installers.git",
                "reference": "79ad876c7498c0bbfe7eed065b8651c93bfd6045"
            },
            "dist": {
                "type": "zip",
                "url": "https://api.github.com/repos/composer/installers/zipball/79ad876c7498c0bbfe7eed065b8651c93bfd6045",
                "reference": "79ad876c7498c0bbfe7eed065b8651c93bfd6045",
                "shasum": ""
            },
            "require": {
                "composer-plugin-api": "^1.0"
            },
            "replace": {
                "roundcube/plugin-installer": "*",
                "shama/baton": "*"
            },
            "require-dev": {
                "composer/composer": "1.0.*@dev",
                "phpunit/phpunit": "4.1.*"
            },
            "type": "composer-plugin",
            "extra": {
                "class": "Composer\\Installers\\Plugin",
                "branch-alias": {
                    "dev-master": "1.0-dev"
                }
            },
            "autoload": {
                "psr-4": {
                    "Composer\\Installers\\": "src/Composer/Installers"
                }
            },
            "notification-url": "https://packagist.org/downloads/",
            "license": [
                "MIT"
            ],
            "authors": [
                {
                    "name": "Kyle Robinson Young",
                    "email": "kyle@dontkry.com",
                    "homepage": "https://github.com/shama"
                }
            ],
            "description": "A multi-framework Composer library installer",
            "homepage": "https://composer.github.io/installers/",
            "keywords": [
                "Craft",
                "Dolibarr",
                "Eliasis",
                "Hurad",
                "ImageCMS",
                "Kanboard",
                "MODX Evo",
                "Mautic",
                "Maya",
                "OXID",
                "Plentymarkets",
                "Porto",
                "RadPHP",
                "SMF",
                "Thelia",
                "WolfCMS",
                "agl",
                "aimeos",
                "annotatecms",
                "attogram",
                "bitrix",
                "cakephp",
                "chef",
                "cockpit",
                "codeigniter",
                "concrete5",
                "croogo",
                "dokuwiki",
                "drupal",
                "elgg",
                "expressionengine",
                "fuelphp",
                "grav",
                "installer",
                "itop",
                "joomla",
                "kohana",
                "laravel",
                "lavalite",
                "lithium",
                "magento",
                "mako",
                "mediawiki",
                "modulework",
                "moodle",
                "phpbb",
                "piwik",
                "ppi",
                "puppet",
                "reindex",
                "roundcube",
                "shopware",
                "silverstripe",
                "sydes",
                "symfony",
                "typo3",
                "wordpress",
                "yawik",
                "zend",
                "zikula"
            ],
            "time": "2017-04-24T06:37:16+00:00"
        },
        {
            "name": "johnpbloch/wordpress",
            "version": "4.7.5",
            "source": {
                "type": "git",
                "url": "https://github.com/johnpbloch/wordpress.git",
                "reference": "381ef55a27e1dcc1c4bbe8b0c6a7ba2d45623819"
            },
            "dist": {
                "type": "zip",
                "url": "https://api.github.com/repos/johnpbloch/wordpress/zipball/381ef55a27e1dcc1c4bbe8b0c6a7ba2d45623819",
                "reference": "381ef55a27e1dcc1c4bbe8b0c6a7ba2d45623819",
                "shasum": ""
            },
            "require": {
                "johnpbloch/wordpress-core": "4.7.5",
                "johnpbloch/wordpress-core-installer": "~0.2",
                "php": ">=5.3.2"
            },
            "type": "package",
            "notification-url": "https://packagist.org/downloads/",
            "license": [
                "GPL-2.0+"
            ],
            "authors": [
                {
                    "name": "WordPress Community",
                    "homepage": "http://wordpress.org/about/"
                }
            ],
            "description": "WordPress is web software you can use to create a beautiful website or blog.",
            "homepage": "http://wordpress.org/",
            "keywords": [
                "blog",
                "cms",
                "wordpress"
            ],
            "time": "2017-05-16T22:48:14+00:00"
        },
        {
            "name": "johnpbloch/wordpress-core",
            "version": "4.7.5",
            "source": {
                "type": "git",
                "url": "https://github.com/johnpbloch/wordpress-core.git",
                "reference": "9a88a4b4c65f689d78789ef6ff77a7ca0239ec02"
            },
            "dist": {
                "type": "zip",
                "url": "https://api.github.com/repos/johnpbloch/wordpress-core/zipball/9a88a4b4c65f689d78789ef6ff77a7ca0239ec02",
                "reference": "9a88a4b4c65f689d78789ef6ff77a7ca0239ec02",
                "shasum": ""
            },
            "require": {
                "php": ">=5.3.2"
            },
            "type": "wordpress-core",
            "notification-url": "https://packagist.org/downloads/",
            "license": [
                "GPL-2.0+"
            ],
            "authors": [
                {
                    "name": "WordPress Community",
                    "homepage": "http://wordpress.org/about/"
                }
            ],
            "description": "WordPress is web software you can use to create a beautiful website or blog.",
            "homepage": "http://wordpress.org/",
            "keywords": [
                "blog",
                "cms",
                "wordpress"
            ],
            "time": "2017-05-16T22:48:08+00:00"
        },
        {
            "name": "johnpbloch/wordpress-core-installer",
            "version": "0.2.1",
            "source": {
                "type": "git",
                "url": "https://github.com/johnpbloch/wordpress-core-installer.git",
                "reference": "a04c2c383ef13aae077f36799ed2eafdebd618d2"
            },
            "dist": {
                "type": "zip",
                "url": "https://api.github.com/repos/johnpbloch/wordpress-core-installer/zipball/a04c2c383ef13aae077f36799ed2eafdebd618d2",
                "reference": "a04c2c383ef13aae077f36799ed2eafdebd618d2",
                "shasum": ""
            },
            "require": {
                "composer-plugin-api": "^1.0"
            },
            "conflict": {
                "composer/installers": "<1.0.6"
            },
            "require-dev": {
                "composer/composer": "1.0.*@dev"
            },
            "type": "composer-plugin",
            "extra": {
                "class": "johnpbloch\\Composer\\WordPressCorePlugin"
            },
            "autoload": {
                "psr-0": {
                    "johnpbloch\\Composer\\": "src/"
                }
            },
            "notification-url": "https://packagist.org/downloads/",
            "license": [
                "GPL-2.0+"
            ],
            "authors": [
                {
                    "name": "John P. Bloch",
                    "email": "me@johnpbloch.com"
                }
            ],
            "description": "A custom installer to handle deploying WordPress with composer",
            "keywords": [
                "wordpress"
            ],
            "time": "2015-06-11T15:15:30+00:00"
        },
        {
            "name": "roots/wp-password-bcrypt",
            "version": "1.0.0",
            "source": {
                "type": "git",
                "url": "https://github.com/roots/wp-password-bcrypt.git",
                "reference": "5cecd2e98ccc3193443cc5c5db9b3bc7abed5ffa"
            },
            "dist": {
                "type": "zip",
                "url": "https://api.github.com/repos/roots/wp-password-bcrypt/zipball/5cecd2e98ccc3193443cc5c5db9b3bc7abed5ffa",
                "reference": "5cecd2e98ccc3193443cc5c5db9b3bc7abed5ffa",
                "shasum": ""
            },
            "require": {
                "composer/installers": "~1.0",
                "php": ">=5.5.0"
            },
            "require-dev": {
                "brain/monkey": "^1.3.1",
                "mockery/mockery": "^0.9.4",
                "phpunit/phpunit": "^4.8.23|^5.2.9",
                "squizlabs/php_codesniffer": "^2.5.1"
            },
            "type": "library",
            "autoload": {
                "files": [
                    "wp-password-bcrypt.php"
                ]
            },
            "notification-url": "https://packagist.org/downloads/",
            "license": [
                "MIT"
            ],
            "authors": [
                {
                    "name": "Scott Walkinshaw",
                    "email": "scott.walkinshaw@gmail.com",
                    "homepage": "https://github.com/swalkinshaw"
                },
                {
                    "name": "qwp6t",
                    "homepage": "https://github.com/qwp6t"
                },
                {
                    "name": "Jan Pingel",
                    "email": "jpingel@bitpiston.com",
                    "homepage": "http://janpingel.com"
                }
            ],
            "description": "WordPress plugin which replaces wp_hash_password and wp_check_password's phpass hasher with PHP 5.5's password_hash and password_verify using bcrypt.",
            "homepage": "https://roots.io/plugins/wp-password-bcrypt",
            "keywords": [
                "wordpress wp bcrypt password"
            ],
            "time": "2016-03-01T16:27:06+00:00"
        },
        {
            "name": "vlucas/phpdotenv",
            "version": "v2.4.0",
            "source": {
                "type": "git",
                "url": "https://github.com/vlucas/phpdotenv.git",
                "reference": "3cc116adbe4b11be5ec557bf1d24dc5e3a21d18c"
            },
            "dist": {
                "type": "zip",
                "url": "https://api.github.com/repos/vlucas/phpdotenv/zipball/3cc116adbe4b11be5ec557bf1d24dc5e3a21d18c",
                "reference": "3cc116adbe4b11be5ec557bf1d24dc5e3a21d18c",
                "shasum": ""
            },
            "require": {
                "php": ">=5.3.9"
            },
            "require-dev": {
                "phpunit/phpunit": "^4.8 || ^5.0"
            },
            "type": "library",
            "extra": {
                "branch-alias": {
                    "dev-master": "2.4-dev"
                }
            },
            "autoload": {
                "psr-4": {
                    "Dotenv\\": "src/"
                }
            },
            "notification-url": "https://packagist.org/downloads/",
            "license": [
                "BSD-3-Clause-Attribution"
            ],
            "authors": [
                {
                    "name": "Vance Lucas",
                    "email": "vance@vancelucas.com",
                    "homepage": "http://www.vancelucas.com"
                }
            ],
            "description": "Loads environment variables from `.env` to `getenv()`, `$_ENV` and `$_SERVER` automagically.",
            "keywords": [
                "dotenv",
                "env",
                "environment"
            ],
            "time": "2016-09-01T10:05:43+00:00"
        }
    ],
    "packages-dev": [
        {
            "name": "johnbillion/query-monitor",
            "version": "2.13.4",
            "source": {
                "type": "git",
                "url": "https://github.com/johnbillion/query-monitor.git",
                "reference": "9b604e8972b09dad9ba17df84af5770118068fb6"
            },
            "dist": {
                "type": "zip",
                "url": "https://api.github.com/repos/johnbillion/query-monitor/zipball/9b604e8972b09dad9ba17df84af5770118068fb6",
                "reference": "9b604e8972b09dad9ba17df84af5770118068fb6",
                "shasum": ""
            },
            "require": {
                "composer/installers": "~1.0"
            },
            "require-dev": {
                "phpunit/phpunit": "~5.7"
            },
            "type": "wordpress-plugin",
            "notification-url": "https://packagist.org/downloads/",
            "license": [
                "GPL-2.0+"
            ],
            "authors": [
                {
                    "name": "John Blackbourn",
                    "homepage": "https://johnblackbourn.com/"
                }
            ],
            "description": "WordPress plugin for monitoring database queries, hooks, conditionals, HTTP requests, query vars, environment, redirects, and more.",
            "homepage": "https://github.com/johnbillion/query-monitor/",
            "time": "2017-03-12T13:15:50+00:00"
        },
        {
            "name": "johnbillion/user-switching",
            "version": "1.0.9",
            "source": {
                "type": "git",
                "url": "https://github.com/johnbillion/user-switching.git",
                "reference": "10c37e706b44fe4a47076bb8db176d2a80f6cd9b"
            },
            "dist": {
                "type": "zip",
                "url": "https://api.github.com/repos/johnbillion/user-switching/zipball/10c37e706b44fe4a47076bb8db176d2a80f6cd9b",
                "reference": "10c37e706b44fe4a47076bb8db176d2a80f6cd9b",
                "shasum": ""
            },
            "require": {
                "composer/installers": "~1.0"
            },
            "require-dev": {
                "behat/behat": "~3.0",
                "behat/mink-extension": "~2.0",
                "behat/mink-goutte-driver": "~1.1",
                "johnbillion/wordpress-behat-extension": ">=0.1.3",
                "johnpbloch/wordpress": ">=4.3.0@stable",
                "phpunit/phpunit": ">=3.7@stable"
            },
            "type": "wordpress-plugin",
            "extra": {
                "wordpress-install-dir": "vendor/wordpress"
            },
            "notification-url": "https://packagist.org/downloads/",
            "license": [
                "GPL-2.0+"
            ],
            "authors": [
                {
                    "name": "John Blackbourn",
                    "homepage": "https://johnblackbourn.com/"
                }
            ],
            "description": "WordPress plugin that provides instant switching between user accounts.",
            "homepage": "https://github.com/johnbillion/user-switching",
            "time": "2015-11-12T22:23:44+00:00"
        },
        {
            "name": "mgargano/non-production-robots-ignore",
            "version": "0.1.4",
            "source": {
                "type": "git",
                "url": "https://github.com/matgargano/non-production-robots-ignore.git",
                "reference": "a8a4440e38f7b2d96610c5420cf1c109a86f88f5"
            },
            "dist": {
                "type": "zip",
                "url": "https://api.github.com/repos/matgargano/non-production-robots-ignore/zipball/a8a4440e38f7b2d96610c5420cf1c109a86f88f5",
                "reference": "a8a4440e38f7b2d96610c5420cf1c109a86f88f5",
                "shasum": ""
            },
            "suggest": {
                "vlucas/phpdotenv": "Allows you to set required fields for a project, one of which is used by this project, 'ENV'"
            },
            "type": "wordpress-plugin",
            "autoload": {
                "files": [
                    "non-production-robots-ignore.php"
                ]
            },
            "notification-url": "https://packagist.org/downloads/",
            "license": [
                "GPLv2+"
            ],
            "authors": [
                {
                    "name": "Mat Gargano",
                    "email": "mat@statenweb.com"
                }
            ],
            "description": "Non Production Robots Ignore is a simple WordPress package that is used with vlucas/phpdotenv (or similar) that sets environment variables to set robots.txt to ignore all on all environments except production.",
            "keywords": [
                "robots",
                "robots.txt",
                "wordpress"
            ],
            "time": "2017-01-30T02:11:24+00:00"
        },
        {
            "name": "mustache/mustache",
            "version": "v2.11.1",
            "source": {
                "type": "git",
                "url": "https://github.com/bobthecow/mustache.php.git",
                "reference": "a3f6d55996dd28b58f3a909d474189a3c1aa693f"
            },
            "dist": {
                "type": "zip",
                "url": "https://api.github.com/repos/bobthecow/mustache.php/zipball/a3f6d55996dd28b58f3a909d474189a3c1aa693f",
                "reference": "a3f6d55996dd28b58f3a909d474189a3c1aa693f",
                "shasum": ""
            },
            "require": {
                "php": ">=5.2.4"
            },
            "require-dev": {
                "friendsofphp/php-cs-fixer": "~1.11",
                "phpunit/phpunit": "~3.7|~4.0|~5.0"
            },
            "type": "library",
            "autoload": {
                "psr-0": {
                    "Mustache": "src/"
                }
            },
            "notification-url": "https://packagist.org/downloads/",
            "license": [
                "MIT"
            ],
            "authors": [
                {
                    "name": "Justin Hileman",
                    "email": "justin@justinhileman.info",
                    "homepage": "http://justinhileman.com"
                }
            ],
            "description": "A Mustache implementation in PHP.",
            "homepage": "https://github.com/bobthecow/mustache.php",
            "keywords": [
                "mustache",
                "templating"
            ],
            "time": "2016-07-31T06:18:27+00:00"
        },
        {
            "name": "norcross/airplane-mode",
            "version": "0.2.3",
            "source": {
                "type": "git",
                "url": "https://github.com/norcross/airplane-mode.git",
                "reference": "1a13825e485b7c7a12bff08da0059c7fad00f83f"
            },
            "dist": {
                "type": "zip",
                "url": "https://api.github.com/repos/norcross/airplane-mode/zipball/1a13825e485b7c7a12bff08da0059c7fad00f83f",
                "reference": "1a13825e485b7c7a12bff08da0059c7fad00f83f",
                "shasum": ""
            },
            "require": {
                "composer/installers": "~1.0"
            },
            "type": "wordpress-plugin",
            "notification-url": "https://packagist.org/downloads/",
            "license": [
                "MIT"
            ],
            "authors": [
                {
                    "name": "Andrew Norcross",
                    "email": "andrew@andrewnorcross.com",
                    "homepage": "https://github.com/norcross"
                },
                {
                    "name": "John Blackbourn",
                    "homepage": "https://github.com/johnbillion"
                },
                {
                    "name": "Andy Fragen",
                    "homepage": "https://github.com/afragen"
                },
                {
                    "name": "Mark Jaquith",
                    "homepage": "https://github.com/markjaquith"
                },
                {
                    "name": "Chris Christoff",
                    "homepage": "https://github.com/chriscct7"
                }
            ],
            "description": "Disables external data calls and loading for working on a purely local (i.e. no internet connection) WordPress site",
            "time": "2017-03-05T16:46:56+00:00"
        },
        {
            "name": "rarst/laps",
            "version": "1.4.2",
            "source": {
                "type": "git",
                "url": "https://github.com/Rarst/laps.git",
                "reference": "bca3f42ee567c322c143e67e172265fecc394e74"
            },
            "dist": {
                "type": "zip",
                "url": "https://api.github.com/repos/Rarst/laps/zipball/bca3f42ee567c322c143e67e172265fecc394e74",
                "reference": "bca3f42ee567c322c143e67e172265fecc394e74",
                "shasum": ""
            },
            "require": {
                "composer/installers": "~1.0",
                "mustache/mustache": "~2.4",
                "symfony/stopwatch": "~2.4"
            },
            "require-dev": {
                "twbs/bootstrap": "~3.2"
            },
            "type": "wordpress-plugin",
            "autoload": {
                "classmap": [
                    "src/"
                ]
            },
            "notification-url": "https://packagist.org/downloads/",
            "license": [
                "MIT"
            ],
            "authors": [
                {
                    "name": "Andrey Savchenko",
                    "email": "contact@rarst.net",
                    "homepage": "http://www.Rarst.net/"
                }
            ],
            "description": "Light WordPress profiler.",
            "homepage": "https://github.com/Rarst/laps",
            "keywords": [
                "performance",
                "wordpress"
            ],
            "time": "2016-12-02T17:18:58+00:00"
        },
        {
            "name": "symfony/stopwatch",
            "version": "v2.8.21",
            "source": {
                "type": "git",
                "url": "https://github.com/symfony/stopwatch.git",
                "reference": "e02577b841394a78306d7b547701bb7bb705bad5"
            },
            "dist": {
                "type": "zip",
                "url": "https://api.github.com/repos/symfony/stopwatch/zipball/e02577b841394a78306d7b547701bb7bb705bad5",
                "reference": "e02577b841394a78306d7b547701bb7bb705bad5",
                "shasum": ""
            },
            "require": {
                "php": ">=5.3.9"
            },
            "type": "library",
            "extra": {
                "branch-alias": {
                    "dev-master": "2.8-dev"
                }
            },
            "autoload": {
                "psr-4": {
                    "Symfony\\Component\\Stopwatch\\": ""
                },
                "exclude-from-classmap": [
                    "/Tests/"
                ]
            },
            "notification-url": "https://packagist.org/downloads/",
            "license": [
                "MIT"
            ],
            "authors": [
                {
                    "name": "Fabien Potencier",
                    "email": "fabien@symfony.com"
                },
                {
                    "name": "Symfony Community",
                    "homepage": "https://symfony.com/contributors"
                }
            ],
            "description": "Symfony Stopwatch Component",
            "homepage": "https://symfony.com",
            "time": "2017-04-12T14:07:15+00:00"
        }
    ],
    "aliases": [],
    "minimum-stability": "stable",
    "stability-flags": [],
    "prefer-stable": false,
    "prefer-lowest": false,
    "platform": [],
    "platform-dev": []
}
